
Microsoft Visual Studio Solution File, Format Version 12.00
# Visual Studio Version 17
VisualStudioVersion = 17.3.32929.385
MinimumVisualStudioVersion = 10.0.40219.1
Project("{8BC9CEB8-8B4A-11D0-8D11-00A0C91BC942}") = "RWX_MEMORY_HUNT_INJECT_DV", "RWX_MEMORY_HUNT_INJECT_DV\RWX_MEMORY_HUNT_INJECT_DV.vcxproj", "{32F14167-C8FF-4382-978F-62FE62A4ED41}"
EndProject
Global
	GlobalSection(SolutionConfigurationPlatforms) = preSolution
		Debug|x64 = Debug|x64
		Debug|x86 = Debug|x86
		Release|x64 = Release|x64
		Release|x86 = Release|x86
	EndGlobalSection
	GlobalSection(ProjectConfigurationPlatforms) = postSolution
		{32F14167-C8FF-4382-978F-62FE62A4ED41}.Debug|x64.ActiveCfg = Debug|x64
		{32F14167-C8FF-4382-978F-62FE62A4ED41}.Debug|x64.Build.0 = Debug|x64
		{32F14167-C8FF-4382-978F-62FE62A4ED41}.Debug|x86.ActiveCfg = Debug|Win32
		{32F14167-C8FF-4382-978F-62FE62A4ED41}.Debug|x86.Build.0 = Debug|Win32
		{32F14167-C8FF-4382-978F-62FE62A4ED41}.Release|x64.ActiveCfg = Release|x64
		{32F14167-C8FF-4382-978F-62FE62A4ED41}.Release|x64.Build.0 = Release|x64
		{32F14167-C8FF-4382-978F-62FE62A4ED41}.Release|x86.ActiveCfg = Release|Win32
		{32F14167-C8FF-4382-978F-62FE62A4ED41}.Release|x86.Build.0 = Release|Win32
	EndGlobalSection
	GlobalSection(SolutionProperties) = preSolution
		HideSolutionNode = FALSE
	EndGlobalSection
	GlobalSection(ExtensibilityGlobals) = postSolution
		SolutionGuid = {D6DFDC14-85B1-4ECF-9A40-A6A0F7D8A192}
	EndGlobalSection
EndGlobal
